{
  "nodes": {
    "brew-src": {
      "flake": false,
      "locked": {
        "lastModified": 1753461463,
        "narHash": "sha256-kGc7pRH0diLzKmOHsEFA8sZ9NJpgT+tqxAMsuqNd5Po=",
        "owner": "Homebrew",
        "repo": "brew",
        "rev": "4d14be89e99a45181c18e96a5f19a5b43343cc0f",
        "type": "github"
      },
      "original": {
        "owner": "Homebrew",
        "ref": "4.5.13",
        "repo": "brew",
        "type": "github"
      }
    },
    "darwin": {
      "inputs": {
        "nixpkgs": [
          "nixpkgs"
        ]
      },
      "locked": {
        "lastModified": 1755275010,
        "narHash": "sha256-lEApCoWUEWh0Ifc3k1JdVjpMtFFXeL2gG1qvBnoRc2I=",
        "owner": "nix-darwin",
        "repo": "nix-darwin",
        "rev": "7220b01d679e93ede8d7b25d6f392855b81dd475",
        "type": "github"
      },
      "original": {
        "owner": "nix-darwin",
        "repo": "nix-darwin",
        "type": "github"
      }
    },
    "home-manager": {
      "inputs": {
        "nixpkgs": [
          "nixpkgs"
        ]
      },
      "locked": {
        "lastModified": 1755442500,
        "narHash": "sha256-RHK4H6SWzkAtW/5WBHsyugaXJX25yr5y7FAZznxcBJs=",
        "owner": "nix-community",
        "repo": "home-manager",
        "rev": "d2ffdedfc39c591367b1ddf22b4ce107f029dcc3",
        "type": "github"
      },
      "original": {
        "owner": "nix-community",
        "repo": "home-manager",
        "type": "github"
      }
    },
    "homebrew-cask": {
      "flake": false,
      "locked": {
        "lastModified": 1756635317,
        "narHash": "sha256-RB6lEVm5U1CkpzEvEzWg1ZVLNehDvlmfPKCx4osCSzc=",
        "owner": "Homebrew",
        "repo": "homebrew-cask",
        "rev": "18318cb184f8b5f96b07d13df9281287af3e64d0",
        "type": "github"
      },
      "original": {
        "owner": "Homebrew",
        "repo": "homebrew-cask",
        "type": "github"
      }
    },
    "homebrew-core": {
      "flake": false,
      "locked": {
        "lastModified": 1756631207,
        "narHash": "sha256-L3Z09H2cObTLnmvGwO73SgM3OV37FqeRlRS53COcq3w=",
        "owner": "Homebrew",
        "repo": "homebrew-core",
        "rev": "da71082c68eab991bd8f1e46e35b5532adc0169f",
        "type": "github"
      },
      "original": {
        "owner": "Homebrew",
        "repo": "homebrew-core",
        "type": "github"
      }
    },
    "homebrew-nikitabobko": {
      "flake": false,
      "locked": {
        "lastModified": 1756592205,
        "narHash": "sha256-AB7c96r/7JgkBubPrlEFz9yaIPdsD7S8JkLVnGtlhAw=",
        "owner": "nikitabobko",
        "repo": "homebrew-tap",
        "rev": "2eff00794112cf73fdefeec27cd9b30abe644408",
        "type": "github"
      },
      "original": {
        "owner": "nikitabobko",
        "repo": "homebrew-tap",
        "type": "github"
      }
    },
    "nix-homebrew": {
      "inputs": {
        "brew-src": "brew-src"
      },
      "locked": {
        "lastModified": 1754250993,
        "narHash": "sha256-MEin+qoQKtFC1b0f4tnQ+Z82BQWSCgh6Ef7rpmH9gig=",
        "owner": "zhaofengli",
        "repo": "nix-homebrew",
        "rev": "314d057294e79bc2596972126b84c6f9f144499a",
        "type": "github"
      },
      "original": {
        "owner": "zhaofengli",
        "repo": "nix-homebrew",
        "type": "github"
      }
    },
    "nixpkgs": {
      "locked": {
        "lastModified": 1755186698,
        "narHash": "sha256-wNO3+Ks2jZJ4nTHMuks+cxAiVBGNuEBXsT29Bz6HASo=",
        "owner": "nixos",
        "repo": "nixpkgs",
        "rev": "fbcf476f790d8a217c3eab4e12033dc4a0f6d23c",
        "type": "github"
      },
      "original": {
        "owner": "nixos",
        "ref": "nixos-unstable",
        "repo": "nixpkgs",
        "type": "github"
      }
    },
    "root": {
      "inputs": {
        "darwin": "darwin",
        "home-manager": "home-manager",
        "homebrew-cask": "homebrew-cask",
        "homebrew-core": "homebrew-core",
        "homebrew-nikitabobko": "homebrew-nikitabobko",
        "nix-homebrew": "nix-homebrew",
        "nixpkgs": "nixpkgs"
      }
    }
  },
  "root": "root",
  "version": 7
}
