{
  "nodes": {
    "brew-src": {
      "flake": false,
      "locked": {
        "lastModified": 1761551821,
        "narHash": "sha256-N3Zj73TAxclhLGgADbPVwcVrhYIBKUgAxjfQuOXre6s=",
        "owner": "Homebrew",
        "repo": "brew",
        "rev": "8f6719274133c5bcc24c058c5a6bcbb3b0cd48b3",
        "type": "github"
      },
      "original": {
        "owner": "Homebrew",
        "ref": "4.6.19",
        "repo": "brew",
        "type": "github"
      }
    },
    "darwin": {
      "inputs": {
        "nixpkgs": [
          "nixpkgs"
        ]
      },
      "locked": {
        "lastModified": 1762304480,
        "narHash": "sha256-ikVIPB/ea/BAODk6aksgkup9k2jQdrwr4+ZRXtBgmSs=",
        "owner": "nix-darwin",
        "repo": "nix-darwin",
        "rev": "b8c7ac030211f18bd1f41eae0b815571853db7a2",
        "type": "github"
      },
      "original": {
        "owner": "nix-darwin",
        "repo": "nix-darwin",
        "type": "github"
      }
    },
    "home-manager": {
      "inputs": {
        "nixpkgs": [
          "nixpkgs"
        ]
      },
      "locked": {
        "lastModified": 1762296971,
        "narHash": "sha256-Jyv3L5rrUYpecON+9zyFz2VqgTSTsIG35fXuCyuCQv0=",
        "owner": "nix-community",
        "repo": "home-manager",
        "rev": "34fe48801d2a5301b814eaa1efb496499d06cebc",
        "type": "github"
      },
      "original": {
        "owner": "nix-community",
        "repo": "home-manager",
        "type": "github"
      }
    },
    "homebrew-cask": {
      "flake": false,
      "locked": {
        "lastModified": 1762329590,
        "narHash": "sha256-lECm32SedMeQMNJT7lEVskTAfmIiPZG0ki110hamfyI=",
        "owner": "Homebrew",
        "repo": "homebrew-cask",
        "rev": "a08bcbda7acacc328d1a6804615a615a087a91ca",
        "type": "github"
      },
      "original": {
        "owner": "Homebrew",
        "repo": "homebrew-cask",
        "type": "github"
      }
    },
    "homebrew-core": {
      "flake": false,
      "locked": {
        "lastModified": 1762325277,
        "narHash": "sha256-lGFbd9+nOUdH5iUBC5sGSI/J+aDSFwbe5lxx9f66A5E=",
        "owner": "Homebrew",
        "repo": "homebrew-core",
        "rev": "e3823be7681e1524b4ff68f814f3e4084b92b47c",
        "type": "github"
      },
      "original": {
        "owner": "Homebrew",
        "repo": "homebrew-core",
        "type": "github"
      }
    },
    "homebrew-nikitabobko": {
      "flake": false,
      "locked": {
        "lastModified": 1756592205,
        "narHash": "sha256-AB7c96r/7JgkBubPrlEFz9yaIPdsD7S8JkLVnGtlhAw=",
        "owner": "nikitabobko",
        "repo": "homebrew-tap",
        "rev": "2eff00794112cf73fdefeec27cd9b30abe644408",
        "type": "github"
      },
      "original": {
        "owner": "nikitabobko",
        "repo": "homebrew-tap",
        "type": "github"
      }
    },
    "nix-homebrew": {
      "inputs": {
        "brew-src": "brew-src"
      },
      "locked": {
        "lastModified": 1761927470,
        "narHash": "sha256-KsFDGRGD8j1R6TvJ4HkebKsh3HXLY0XazanLrhO3wqE=",
        "owner": "zhaofengli",
        "repo": "nix-homebrew",
        "rev": "3cae36b3a17b09a66435291619dce8cf2c4728ca",
        "type": "github"
      },
      "original": {
        "owner": "zhaofengli",
        "repo": "nix-homebrew",
        "type": "github"
      }
    },
    "nixpkgs": {
      "locked": {
        "lastModified": 1762111121,
        "narHash": "sha256-4vhDuZ7OZaZmKKrnDpxLZZpGIJvAeMtK6FKLJYUtAdw=",
        "owner": "nixos",
        "repo": "nixpkgs",
        "rev": "b3d51a0365f6695e7dd5cdf3e180604530ed33b4",
        "type": "github"
      },
      "original": {
        "owner": "nixos",
        "ref": "nixos-unstable",
        "repo": "nixpkgs",
        "type": "github"
      }
    },
    "root": {
      "inputs": {
        "darwin": "darwin",
        "home-manager": "home-manager",
        "homebrew-cask": "homebrew-cask",
        "homebrew-core": "homebrew-core",
        "homebrew-nikitabobko": "homebrew-nikitabobko",
        "nix-homebrew": "nix-homebrew",
        "nixpkgs": "nixpkgs"
      }
    }
  },
  "root": "root",
  "version": 7
}
